
Microsoft Visual Studio Solution File, Format Version 12.00
# Visual Studio Version 17
VisualStudioVersion = 17.13.35913.81 d17.13
MinimumVisualStudioVersion = 10.0.40219.1
Project("{FAE04EC0-301F-11D3-BF4B-00C04F79EFBC}") = "Recursive_26Mart", "Recursive_26Mart\Recursive_26Mart.csproj", "{45CFAE2A-AE6F-4B0B-824F-0C1CC1B1F263}"
EndProject
Global
	GlobalSection(SolutionConfigurationPlatforms) = preSolution
		Debug|Any CPU = Debug|Any CPU
		Release|Any CPU = Release|Any CPU
	EndGlobalSection
	GlobalSection(ProjectConfigurationPlatforms) = postSolution
		{45CFAE2A-AE6F-4B0B-824F-0C1CC1B1F263}.Debug|Any CPU.ActiveCfg = Debug|Any CPU
		{45CFAE2A-AE6F-4B0B-824F-0C1CC1B1F263}.Debug|Any CPU.Build.0 = Debug|Any CPU
		{45CFAE2A-AE6F-4B0B-824F-0C1CC1B1F263}.Release|Any CPU.ActiveCfg = Release|Any CPU
		{45CFAE2A-AE6F-4B0B-824F-0C1CC1B1F263}.Release|Any CPU.Build.0 = Release|Any CPU
	EndGlobalSection
	GlobalSection(SolutionProperties) = preSolution
		HideSolutionNode = FALSE
	EndGlobalSection
	GlobalSection(ExtensibilityGlobals) = postSolution
		SolutionGuid = {4FB732CE-DF44-4448-B433-129A6454B427}
	EndGlobalSection
EndGlobal
